{
  "name": "exact-cover-problem",
  "version": "1.0.0",
  "lockfileVersion": 2,
  "requires": true,
  "packages": {
    "": {
      "name": "exact-cover-problem",
      "version": "1.0.0",
      "license": "ISC",
      "dependencies": {
        "knuth-shuffle": "1.0",
        "sub-arrays-js": "^0.0.3"
      }
    },
    "node_modules/knuth-shuffle": {
      "version": "1.0.8",
      "resolved": "https://registry.npmjs.org/knuth-shuffle/-/knuth-shuffle-1.0.8.tgz",
      "integrity": "sha512-IdC4Hpp+mx53zTt6VAGsAtbGM0g4BV9fP8tTcviCosSwocHcRDw9uG5Rnv6wLWckF4r72qeXFoK9NkvV1gUJCQ=="
    },
    "node_modules/sub-arrays-js": {
      "version": "0.0.3",
      "resolved": "https://registry.npmjs.org/sub-arrays-js/-/sub-arrays-js-0.0.3.tgz",
      "integrity": "sha512-sp6hZzQmoeYx+T6hImU6Py4JxkCH/Ffa4WmAtfZHhtOT/VtjPHVQgymYtNwPP2RVaexBmR1/1I1QVseWiPOXEQ=="
    }
  },
  "dependencies": {
    "knuth-shuffle": {
      "version": "1.0.8",
      "resolved": "https://registry.npmjs.org/knuth-shuffle/-/knuth-shuffle-1.0.8.tgz",
      "integrity": "sha512-IdC4Hpp+mx53zTt6VAGsAtbGM0g4BV9fP8tTcviCosSwocHcRDw9uG5Rnv6wLWckF4r72qeXFoK9NkvV1gUJCQ=="
    },
    "sub-arrays-js": {
      "version": "0.0.3",
      "resolved": "https://registry.npmjs.org/sub-arrays-js/-/sub-arrays-js-0.0.3.tgz",
      "integrity": "sha512-sp6hZzQmoeYx+T6hImU6Py4JxkCH/Ffa4WmAtfZHhtOT/VtjPHVQgymYtNwPP2RVaexBmR1/1I1QVseWiPOXEQ=="
    }
  }
}
